
Microsoft Visual Studio Solution File, Format Version 12.00
# Visual Studio Version 17
VisualStudioVersion = 17.14.36301.6 d17.14
MinimumVisualStudioVersion = 10.0.40219.1
Project("{FAE04EC0-301F-11D3-BF4B-00C04F79EFBC}") = "Q1", "Q1\Q1.csproj", "{56B9D933-C686-4626-9C85-23BB2A24752B}"
EndProject
Global
	GlobalSection(SolutionConfigurationPlatforms) = preSolution
		Debug|Any CPU = Debug|Any CPU
		Release|Any CPU = Release|Any CPU
	EndGlobalSection
	GlobalSection(ProjectConfigurationPlatforms) = postSolution
		{56B9D933-C686-4626-9C85-23BB2A24752B}.Debug|Any CPU.ActiveCfg = Debug|Any CPU
		{56B9D933-C686-4626-9C85-23BB2A24752B}.Debug|Any CPU.Build.0 = Debug|Any CPU
		{56B9D933-C686-4626-9C85-23BB2A24752B}.Release|Any CPU.ActiveCfg = Release|Any CPU
		{56B9D933-C686-4626-9C85-23BB2A24752B}.Release|Any CPU.Build.0 = Release|Any CPU
	EndGlobalSection
	GlobalSection(SolutionProperties) = preSolution
		HideSolutionNode = FALSE
	EndGlobalSection
	GlobalSection(ExtensibilityGlobals) = postSolution
		SolutionGuid = {8CCA3862-CCE7-4568-919A-15254E0F0B63}
	EndGlobalSection
EndGlobal
