
Microsoft Visual Studio Solution File, Format Version 12.00
# Visual Studio Version 16
VisualStudioVersion = 16.0.34931.43
MinimumVisualStudioVersion = 10.0.40219.1
Project("{FAE04EC0-301F-11D3-BF4B-00C04F79EFBC}") = "01", "01\01.csproj", "{EB4D1A25-EC08-4933-823A-E1EF194019FF}"
EndProject
Global
	GlobalSection(SolutionConfigurationPlatforms) = preSolution
		Debug|Any CPU = Debug|Any CPU
		Release|Any CPU = Release|Any CPU
	EndGlobalSection
	GlobalSection(ProjectConfigurationPlatforms) = postSolution
		{EB4D1A25-EC08-4933-823A-E1EF194019FF}.Debug|Any CPU.ActiveCfg = Debug|Any CPU
		{EB4D1A25-EC08-4933-823A-E1EF194019FF}.Debug|Any CPU.Build.0 = Debug|Any CPU
		{EB4D1A25-EC08-4933-823A-E1EF194019FF}.Release|Any CPU.ActiveCfg = Release|Any CPU
		{EB4D1A25-EC08-4933-823A-E1EF194019FF}.Release|Any CPU.Build.0 = Release|Any CPU
	EndGlobalSection
	GlobalSection(SolutionProperties) = preSolution
		HideSolutionNode = FALSE
	EndGlobalSection
	GlobalSection(ExtensibilityGlobals) = postSolution
		SolutionGuid = {3F5F4EBB-4281-4D4D-AE13-AE1AD864AF0B}
	EndGlobalSection
EndGlobal
