
Microsoft Visual Studio Solution File, Format Version 12.00
# Visual Studio Version 17
VisualStudioVersion = 17.3.32901.215
MinimumVisualStudioVersion = 10.0.40219.1
Project("{FAE04EC0-301F-11D3-BF4B-00C04F79EFBC}") = "92_Q4", "92_Q4.csproj", "{032E8DFA-A00B-4A96-9EAB-26C1BEAA7574}"
EndProject
Global
	GlobalSection(SolutionConfigurationPlatforms) = preSolution
		Debug|Any CPU = Debug|Any CPU
		Release|Any CPU = Release|Any CPU
	EndGlobalSection
	GlobalSection(ProjectConfigurationPlatforms) = postSolution
		{032E8DFA-A00B-4A96-9EAB-26C1BEAA7574}.Debug|Any CPU.ActiveCfg = Debug|Any CPU
		{032E8DFA-A00B-4A96-9EAB-26C1BEAA7574}.Debug|Any CPU.Build.0 = Debug|Any CPU
		{032E8DFA-A00B-4A96-9EAB-26C1BEAA7574}.Release|Any CPU.ActiveCfg = Release|Any CPU
		{032E8DFA-A00B-4A96-9EAB-26C1BEAA7574}.Release|Any CPU.Build.0 = Release|Any CPU
	EndGlobalSection
	GlobalSection(SolutionProperties) = preSolution
		HideSolutionNode = FALSE
	EndGlobalSection
	GlobalSection(ExtensibilityGlobals) = postSolution
		SolutionGuid = {4E170C71-F8E5-442C-97E0-0DC39446EB45}
	EndGlobalSection
EndGlobal
