
Microsoft Visual Studio Solution File, Format Version 12.00
# Visual Studio Version 17
VisualStudioVersion = 17.14.36408.4 d17.14
MinimumVisualStudioVersion = 10.0.40219.1
Project("{FAE04EC0-301F-11D3-BF4B-00C04F79EFBC}") = "Q6", "Q6\Q6.csproj", "{5D466855-4BCC-49FA-AA94-540C4A323B96}"
EndProject
Global
	GlobalSection(SolutionConfigurationPlatforms) = preSolution
		Debug|Any CPU = Debug|Any CPU
		Release|Any CPU = Release|Any CPU
	EndGlobalSection
	GlobalSection(ProjectConfigurationPlatforms) = postSolution
		{5D466855-4BCC-49FA-AA94-540C4A323B96}.Debug|Any CPU.ActiveCfg = Debug|Any CPU
		{5D466855-4BCC-49FA-AA94-540C4A323B96}.Debug|Any CPU.Build.0 = Debug|Any CPU
		{5D466855-4BCC-49FA-AA94-540C4A323B96}.Release|Any CPU.ActiveCfg = Release|Any CPU
		{5D466855-4BCC-49FA-AA94-540C4A323B96}.Release|Any CPU.Build.0 = Release|Any CPU
	EndGlobalSection
	GlobalSection(SolutionProperties) = preSolution
		HideSolutionNode = FALSE
	EndGlobalSection
	GlobalSection(ExtensibilityGlobals) = postSolution
		SolutionGuid = {B726A5E1-BD01-4AA1-B21A-33D2DE5E38C8}
	EndGlobalSection
EndGlobal
