
Microsoft Visual Studio Solution File, Format Version 12.00
# Visual Studio Version 17
VisualStudioVersion = 17.3.32901.215
MinimumVisualStudioVersion = 10.0.40219.1
Project("{FAE04EC0-301F-11D3-BF4B-00C04F79EFBC}") = "94_Q3", "94_Q3\94_Q3.csproj", "{829FB504-530B-43CB-BFE4-B5AB1125F0CF}"
EndProject
Global
	GlobalSection(SolutionConfigurationPlatforms) = preSolution
		Debug|Any CPU = Debug|Any CPU
		Release|Any CPU = Release|Any CPU
	EndGlobalSection
	GlobalSection(ProjectConfigurationPlatforms) = postSolution
		{829FB504-530B-43CB-BFE4-B5AB1125F0CF}.Debug|Any CPU.ActiveCfg = Debug|Any CPU
		{829FB504-530B-43CB-BFE4-B5AB1125F0CF}.Debug|Any CPU.Build.0 = Debug|Any CPU
		{829FB504-530B-43CB-BFE4-B5AB1125F0CF}.Release|Any CPU.ActiveCfg = Release|Any CPU
		{829FB504-530B-43CB-BFE4-B5AB1125F0CF}.Release|Any CPU.Build.0 = Release|Any CPU
	EndGlobalSection
	GlobalSection(SolutionProperties) = preSolution
		HideSolutionNode = FALSE
	EndGlobalSection
	GlobalSection(ExtensibilityGlobals) = postSolution
		SolutionGuid = {01AED0AE-3B31-403D-9F52-ABC5FAC82C49}
	EndGlobalSection
EndGlobal
