
Microsoft Visual Studio Solution File, Format Version 12.00
# Visual Studio Version 17
VisualStudioVersion = 17.0.31912.275
MinimumVisualStudioVersion = 10.0.40219.1
Project("{FAE04EC0-301F-11D3-BF4B-00C04F79EFBC}") = "108_Q1", "108_Q1\108_Q1.csproj", "{574C3283-5FFB-4AB8-83A7-342A93C90A1A}"
EndProject
Global
	GlobalSection(SolutionConfigurationPlatforms) = preSolution
		Debug|Any CPU = Debug|Any CPU
		Release|Any CPU = Release|Any CPU
	EndGlobalSection
	GlobalSection(ProjectConfigurationPlatforms) = postSolution
		{574C3283-5FFB-4AB8-83A7-342A93C90A1A}.Debug|Any CPU.ActiveCfg = Debug|Any CPU
		{574C3283-5FFB-4AB8-83A7-342A93C90A1A}.Debug|Any CPU.Build.0 = Debug|Any CPU
		{574C3283-5FFB-4AB8-83A7-342A93C90A1A}.Release|Any CPU.ActiveCfg = Release|Any CPU
		{574C3283-5FFB-4AB8-83A7-342A93C90A1A}.Release|Any CPU.Build.0 = Release|Any CPU
	EndGlobalSection
	GlobalSection(SolutionProperties) = preSolution
		HideSolutionNode = FALSE
	EndGlobalSection
	GlobalSection(ExtensibilityGlobals) = postSolution
		SolutionGuid = {86A17E68-85B3-4DE6-90F6-06DC7E2E05A2}
	EndGlobalSection
EndGlobal
