
Microsoft Visual Studio Solution File, Format Version 12.00
# Visual Studio Version 17
VisualStudioVersion = 17.3.32901.215
MinimumVisualStudioVersion = 10.0.40219.1
Project("{FAE04EC0-301F-11D3-BF4B-00C04F79EFBC}") = "108_Q5", "108_Q5\108_Q5.csproj", "{789FAB2B-B207-4EFB-B0C4-97F9AC46CEC8}"
EndProject
Global
	GlobalSection(SolutionConfigurationPlatforms) = preSolution
		Debug|Any CPU = Debug|Any CPU
		Release|Any CPU = Release|Any CPU
	EndGlobalSection
	GlobalSection(ProjectConfigurationPlatforms) = postSolution
		{789FAB2B-B207-4EFB-B0C4-97F9AC46CEC8}.Debug|Any CPU.ActiveCfg = Debug|Any CPU
		{789FAB2B-B207-4EFB-B0C4-97F9AC46CEC8}.Debug|Any CPU.Build.0 = Debug|Any CPU
		{789FAB2B-B207-4EFB-B0C4-97F9AC46CEC8}.Release|Any CPU.ActiveCfg = Release|Any CPU
		{789FAB2B-B207-4EFB-B0C4-97F9AC46CEC8}.Release|Any CPU.Build.0 = Release|Any CPU
	EndGlobalSection
	GlobalSection(SolutionProperties) = preSolution
		HideSolutionNode = FALSE
	EndGlobalSection
	GlobalSection(ExtensibilityGlobals) = postSolution
		SolutionGuid = {E5F6108F-8E54-41B2-9EEF-01DF5B987B00}
	EndGlobalSection
EndGlobal
