
Microsoft Visual Studio Solution File, Format Version 12.00
# Visual Studio Version 17
VisualStudioVersion = 17.3.32901.215
MinimumVisualStudioVersion = 10.0.40219.1
Project("{FAE04EC0-301F-11D3-BF4B-00C04F79EFBC}") = "105_Q2", "105_Q2\105_Q2.csproj", "{59F6F1F1-6C79-45D7-BA5E-48A7762A702F}"
EndProject
Global
	GlobalSection(SolutionConfigurationPlatforms) = preSolution
		Debug|Any CPU = Debug|Any CPU
		Release|Any CPU = Release|Any CPU
	EndGlobalSection
	GlobalSection(ProjectConfigurationPlatforms) = postSolution
		{59F6F1F1-6C79-45D7-BA5E-48A7762A702F}.Debug|Any CPU.ActiveCfg = Debug|Any CPU
		{59F6F1F1-6C79-45D7-BA5E-48A7762A702F}.Debug|Any CPU.Build.0 = Debug|Any CPU
		{59F6F1F1-6C79-45D7-BA5E-48A7762A702F}.Release|Any CPU.ActiveCfg = Release|Any CPU
		{59F6F1F1-6C79-45D7-BA5E-48A7762A702F}.Release|Any CPU.Build.0 = Release|Any CPU
	EndGlobalSection
	GlobalSection(SolutionProperties) = preSolution
		HideSolutionNode = FALSE
	EndGlobalSection
	GlobalSection(ExtensibilityGlobals) = postSolution
		SolutionGuid = {7EE16314-AAD8-4613-A5D0-BDC03FCA2BE1}
	EndGlobalSection
EndGlobal
