
Microsoft Visual Studio Solution File, Format Version 12.00
# Visual Studio Version 17
VisualStudioVersion = 17.14.36310.24 d17.14
MinimumVisualStudioVersion = 10.0.40219.1
Project("{FAE04EC0-301F-11D3-BF4B-00C04F79EFBC}") = "Q1", "Q1\Q1.csproj", "{7FAEF15B-3CBB-4F25-A688-B77DB960AEAA}"
EndProject
Global
	GlobalSection(SolutionConfigurationPlatforms) = preSolution
		Debug|Any CPU = Debug|Any CPU
		Release|Any CPU = Release|Any CPU
	EndGlobalSection
	GlobalSection(ProjectConfigurationPlatforms) = postSolution
		{7FAEF15B-3CBB-4F25-A688-B77DB960AEAA}.Debug|Any CPU.ActiveCfg = Debug|Any CPU
		{7FAEF15B-3CBB-4F25-A688-B77DB960AEAA}.Debug|Any CPU.Build.0 = Debug|Any CPU
		{7FAEF15B-3CBB-4F25-A688-B77DB960AEAA}.Release|Any CPU.ActiveCfg = Release|Any CPU
		{7FAEF15B-3CBB-4F25-A688-B77DB960AEAA}.Release|Any CPU.Build.0 = Release|Any CPU
	EndGlobalSection
	GlobalSection(SolutionProperties) = preSolution
		HideSolutionNode = FALSE
	EndGlobalSection
	GlobalSection(ExtensibilityGlobals) = postSolution
		SolutionGuid = {29DA3CDC-3ABC-4324-BC14-50ABD8B9318E}
	EndGlobalSection
EndGlobal
