
Microsoft Visual Studio Solution File, Format Version 12.00
# Visual Studio Version 17
VisualStudioVersion = 17.3.32901.215
MinimumVisualStudioVersion = 10.0.40219.1
Project("{FAE04EC0-301F-11D3-BF4B-00C04F79EFBC}") = "104_Q4", "104_Q4.csproj", "{3289E2E2-C53D-417E-86D5-A3FCA84053AB}"
EndProject
Global
	GlobalSection(SolutionConfigurationPlatforms) = preSolution
		Debug|Any CPU = Debug|Any CPU
		Release|Any CPU = Release|Any CPU
	EndGlobalSection
	GlobalSection(ProjectConfigurationPlatforms) = postSolution
		{3289E2E2-C53D-417E-86D5-A3FCA84053AB}.Debug|Any CPU.ActiveCfg = Debug|Any CPU
		{3289E2E2-C53D-417E-86D5-A3FCA84053AB}.Debug|Any CPU.Build.0 = Debug|Any CPU
		{3289E2E2-C53D-417E-86D5-A3FCA84053AB}.Release|Any CPU.ActiveCfg = Release|Any CPU
		{3289E2E2-C53D-417E-86D5-A3FCA84053AB}.Release|Any CPU.Build.0 = Release|Any CPU
	EndGlobalSection
	GlobalSection(SolutionProperties) = preSolution
		HideSolutionNode = FALSE
	EndGlobalSection
	GlobalSection(ExtensibilityGlobals) = postSolution
		SolutionGuid = {5FD323F6-8D5F-4D4B-9903-6C0C684AE664}
	EndGlobalSection
EndGlobal
