
Microsoft Visual Studio Solution File, Format Version 12.00
# Visual Studio Version 17
VisualStudioVersion = 17.14.36310.24 d17.14
MinimumVisualStudioVersion = 10.0.40219.1
Project("{FAE04EC0-301F-11D3-BF4B-00C04F79EFBC}") = "Q5", "Q5\Q5.csproj", "{450AF05B-CAD4-4F55-92AA-9B4B9F6F3246}"
EndProject
Global
	GlobalSection(SolutionConfigurationPlatforms) = preSolution
		Debug|Any CPU = Debug|Any CPU
		Release|Any CPU = Release|Any CPU
	EndGlobalSection
	GlobalSection(ProjectConfigurationPlatforms) = postSolution
		{450AF05B-CAD4-4F55-92AA-9B4B9F6F3246}.Debug|Any CPU.ActiveCfg = Debug|Any CPU
		{450AF05B-CAD4-4F55-92AA-9B4B9F6F3246}.Debug|Any CPU.Build.0 = Debug|Any CPU
		{450AF05B-CAD4-4F55-92AA-9B4B9F6F3246}.Release|Any CPU.ActiveCfg = Release|Any CPU
		{450AF05B-CAD4-4F55-92AA-9B4B9F6F3246}.Release|Any CPU.Build.0 = Release|Any CPU
	EndGlobalSection
	GlobalSection(SolutionProperties) = preSolution
		HideSolutionNode = FALSE
	EndGlobalSection
	GlobalSection(ExtensibilityGlobals) = postSolution
		SolutionGuid = {8C47C39D-B268-436F-A937-07AA2012056E}
	EndGlobalSection
EndGlobal
