
Microsoft Visual Studio Solution File, Format Version 12.00
# Visual Studio Version 17
VisualStudioVersion = 17.3.32901.215
MinimumVisualStudioVersion = 10.0.40219.1
Project("{FAE04EC0-301F-11D3-BF4B-00C04F79EFBC}") = "104_Q5", "104_Q5.csproj", "{013661E7-D847-47E2-8F20-DA378C2DC966}"
EndProject
Global
	GlobalSection(SolutionConfigurationPlatforms) = preSolution
		Debug|Any CPU = Debug|Any CPU
		Release|Any CPU = Release|Any CPU
	EndGlobalSection
	GlobalSection(ProjectConfigurationPlatforms) = postSolution
		{013661E7-D847-47E2-8F20-DA378C2DC966}.Debug|Any CPU.ActiveCfg = Debug|Any CPU
		{013661E7-D847-47E2-8F20-DA378C2DC966}.Debug|Any CPU.Build.0 = Debug|Any CPU
		{013661E7-D847-47E2-8F20-DA378C2DC966}.Release|Any CPU.ActiveCfg = Release|Any CPU
		{013661E7-D847-47E2-8F20-DA378C2DC966}.Release|Any CPU.Build.0 = Release|Any CPU
	EndGlobalSection
	GlobalSection(SolutionProperties) = preSolution
		HideSolutionNode = FALSE
	EndGlobalSection
	GlobalSection(ExtensibilityGlobals) = postSolution
		SolutionGuid = {A91E914B-19B6-481A-B7A5-B2CF4BCF196E}
	EndGlobalSection
EndGlobal
