
Microsoft Visual Studio Solution File, Format Version 12.00
# Visual Studio Version 17
VisualStudioVersion = 17.14.36301.6 d17.14
MinimumVisualStudioVersion = 10.0.40219.1
Project("{FAE04EC0-301F-11D3-BF4B-00C04F79EFBC}") = "Q2", "Q2\Q2.csproj", "{32347F2B-E9E5-40F9-A124-9C6655E5E7AF}"
EndProject
Global
	GlobalSection(SolutionConfigurationPlatforms) = preSolution
		Debug|Any CPU = Debug|Any CPU
		Release|Any CPU = Release|Any CPU
	EndGlobalSection
	GlobalSection(ProjectConfigurationPlatforms) = postSolution
		{32347F2B-E9E5-40F9-A124-9C6655E5E7AF}.Debug|Any CPU.ActiveCfg = Debug|Any CPU
		{32347F2B-E9E5-40F9-A124-9C6655E5E7AF}.Debug|Any CPU.Build.0 = Debug|Any CPU
		{32347F2B-E9E5-40F9-A124-9C6655E5E7AF}.Release|Any CPU.ActiveCfg = Release|Any CPU
		{32347F2B-E9E5-40F9-A124-9C6655E5E7AF}.Release|Any CPU.Build.0 = Release|Any CPU
	EndGlobalSection
	GlobalSection(SolutionProperties) = preSolution
		HideSolutionNode = FALSE
	EndGlobalSection
	GlobalSection(ExtensibilityGlobals) = postSolution
		SolutionGuid = {DBF0D5A9-9FBA-4F03-A853-F9296E265285}
	EndGlobalSection
EndGlobal
