
Microsoft Visual Studio Solution File, Format Version 12.00
# Visual Studio Version 17
VisualStudioVersion = 17.14.36518.9 d17.14
MinimumVisualStudioVersion = 10.0.40219.1
Project("{FAE04EC0-301F-11D3-BF4B-00C04F79EFBC}") = "WindowsFormsApp1", "WindowsFormsApp1\WindowsFormsApp1.csproj", "{882B82E6-D1C2-4E96-9387-FE439C0BBA5E}"
EndProject
Global
	GlobalSection(SolutionConfigurationPlatforms) = preSolution
		Debug|Any CPU = Debug|Any CPU
		Release|Any CPU = Release|Any CPU
	EndGlobalSection
	GlobalSection(ProjectConfigurationPlatforms) = postSolution
		{882B82E6-D1C2-4E96-9387-FE439C0BBA5E}.Debug|Any CPU.ActiveCfg = Debug|Any CPU
		{882B82E6-D1C2-4E96-9387-FE439C0BBA5E}.Debug|Any CPU.Build.0 = Debug|Any CPU
		{882B82E6-D1C2-4E96-9387-FE439C0BBA5E}.Release|Any CPU.ActiveCfg = Release|Any CPU
		{882B82E6-D1C2-4E96-9387-FE439C0BBA5E}.Release|Any CPU.Build.0 = Release|Any CPU
	EndGlobalSection
	GlobalSection(SolutionProperties) = preSolution
		HideSolutionNode = FALSE
	EndGlobalSection
	GlobalSection(ExtensibilityGlobals) = postSolution
		SolutionGuid = {2188BCB0-407A-47FA-B4D2-F5DEB63B7282}
	EndGlobalSection
EndGlobal
