
Microsoft Visual Studio Solution File, Format Version 12.00
# Visual Studio Version 16
VisualStudioVersion = 16.0.34931.43
MinimumVisualStudioVersion = 10.0.40219.1
Project("{FAE04EC0-301F-11D3-BF4B-00C04F79EFBC}") = "WindowsFormsApp1", "WindowsFormsApp1\WindowsFormsApp1.csproj", "{FF6258D9-BADF-4F07-941A-880E4C8330F6}"
EndProject
Global
	GlobalSection(SolutionConfigurationPlatforms) = preSolution
		Debug|Any CPU = Debug|Any CPU
		Release|Any CPU = Release|Any CPU
	EndGlobalSection
	GlobalSection(ProjectConfigurationPlatforms) = postSolution
		{FF6258D9-BADF-4F07-941A-880E4C8330F6}.Debug|Any CPU.ActiveCfg = Debug|Any CPU
		{FF6258D9-BADF-4F07-941A-880E4C8330F6}.Debug|Any CPU.Build.0 = Debug|Any CPU
		{FF6258D9-BADF-4F07-941A-880E4C8330F6}.Release|Any CPU.ActiveCfg = Release|Any CPU
		{FF6258D9-BADF-4F07-941A-880E4C8330F6}.Release|Any CPU.Build.0 = Release|Any CPU
	EndGlobalSection
	GlobalSection(SolutionProperties) = preSolution
		HideSolutionNode = FALSE
	EndGlobalSection
	GlobalSection(ExtensibilityGlobals) = postSolution
		SolutionGuid = {EC8BAED8-3C95-4A3A-BDA4-16FDC206543C}
	EndGlobalSection
EndGlobal
