
Microsoft Visual Studio Solution File, Format Version 12.00
# Visual Studio Version 17
VisualStudioVersion = 17.3.32901.215
MinimumVisualStudioVersion = 10.0.40219.1
Project("{FAE04EC0-301F-11D3-BF4B-00C04F79EFBC}") = "101_Q3", "101_Q3.csproj", "{DF9C33E6-AB5D-4F01-AFAA-44F637ADDD28}"
EndProject
Global
	GlobalSection(SolutionConfigurationPlatforms) = preSolution
		Debug|Any CPU = Debug|Any CPU
		Release|Any CPU = Release|Any CPU
	EndGlobalSection
	GlobalSection(ProjectConfigurationPlatforms) = postSolution
		{DF9C33E6-AB5D-4F01-AFAA-44F637ADDD28}.Debug|Any CPU.ActiveCfg = Debug|Any CPU
		{DF9C33E6-AB5D-4F01-AFAA-44F637ADDD28}.Debug|Any CPU.Build.0 = Debug|Any CPU
		{DF9C33E6-AB5D-4F01-AFAA-44F637ADDD28}.Release|Any CPU.ActiveCfg = Release|Any CPU
		{DF9C33E6-AB5D-4F01-AFAA-44F637ADDD28}.Release|Any CPU.Build.0 = Release|Any CPU
	EndGlobalSection
	GlobalSection(SolutionProperties) = preSolution
		HideSolutionNode = FALSE
	EndGlobalSection
	GlobalSection(ExtensibilityGlobals) = postSolution
		SolutionGuid = {2267ED50-8F6C-4DB3-BE96-39797527AD30}
	EndGlobalSection
EndGlobal
