
Microsoft Visual Studio Solution File, Format Version 12.00
# Visual Studio Version 17
VisualStudioVersion = 17.3.32901.215
MinimumVisualStudioVersion = 10.0.40219.1
Project("{FAE04EC0-301F-11D3-BF4B-00C04F79EFBC}") = "模擬賽_Q3", "模擬賽_Q3\模擬賽_Q3.csproj", "{CACE09D5-1778-4CA3-ADD4-5CECE4704295}"
EndProject
Global
	GlobalSection(SolutionConfigurationPlatforms) = preSolution
		Debug|Any CPU = Debug|Any CPU
		Release|Any CPU = Release|Any CPU
	EndGlobalSection
	GlobalSection(ProjectConfigurationPlatforms) = postSolution
		{CACE09D5-1778-4CA3-ADD4-5CECE4704295}.Debug|Any CPU.ActiveCfg = Debug|Any CPU
		{CACE09D5-1778-4CA3-ADD4-5CECE4704295}.Debug|Any CPU.Build.0 = Debug|Any CPU
		{CACE09D5-1778-4CA3-ADD4-5CECE4704295}.Release|Any CPU.ActiveCfg = Release|Any CPU
		{CACE09D5-1778-4CA3-ADD4-5CECE4704295}.Release|Any CPU.Build.0 = Release|Any CPU
	EndGlobalSection
	GlobalSection(SolutionProperties) = preSolution
		HideSolutionNode = FALSE
	EndGlobalSection
	GlobalSection(ExtensibilityGlobals) = postSolution
		SolutionGuid = {0F8FA6F4-7EF0-475B-BE73-A9F63CF6E62B}
	EndGlobalSection
EndGlobal
