
Microsoft Visual Studio Solution File, Format Version 12.00
# Visual Studio Version 17
VisualStudioVersion = 17.3.32901.215
MinimumVisualStudioVersion = 10.0.40219.1
Project("{FAE04EC0-301F-11D3-BF4B-00C04F79EFBC}") = "模擬賽_Q5", "模擬賽_Q5\模擬賽_Q5.csproj", "{77087891-3158-47AB-8BB7-0EDC50D1DAF0}"
EndProject
Global
	GlobalSection(SolutionConfigurationPlatforms) = preSolution
		Debug|Any CPU = Debug|Any CPU
		Release|Any CPU = Release|Any CPU
	EndGlobalSection
	GlobalSection(ProjectConfigurationPlatforms) = postSolution
		{77087891-3158-47AB-8BB7-0EDC50D1DAF0}.Debug|Any CPU.ActiveCfg = Debug|Any CPU
		{77087891-3158-47AB-8BB7-0EDC50D1DAF0}.Debug|Any CPU.Build.0 = Debug|Any CPU
		{77087891-3158-47AB-8BB7-0EDC50D1DAF0}.Release|Any CPU.ActiveCfg = Release|Any CPU
		{77087891-3158-47AB-8BB7-0EDC50D1DAF0}.Release|Any CPU.Build.0 = Release|Any CPU
	EndGlobalSection
	GlobalSection(SolutionProperties) = preSolution
		HideSolutionNode = FALSE
	EndGlobalSection
	GlobalSection(ExtensibilityGlobals) = postSolution
		SolutionGuid = {6B361EB2-94EF-46AC-B11C-2D3EA73F5580}
	EndGlobalSection
EndGlobal
