
Microsoft Visual Studio Solution File, Format Version 12.00
# Visual Studio Version 17
VisualStudioVersion = 17.14.36518.9 d17.14
MinimumVisualStudioVersion = 10.0.40219.1
Project("{FAE04EC0-301F-11D3-BF4B-00C04F79EFBC}") = "Q1", "Q1\Q1.csproj", "{C850ABD1-206A-49D7-B07E-2260F348BFCA}"
EndProject
Global
	GlobalSection(SolutionConfigurationPlatforms) = preSolution
		Debug|Any CPU = Debug|Any CPU
		Release|Any CPU = Release|Any CPU
	EndGlobalSection
	GlobalSection(ProjectConfigurationPlatforms) = postSolution
		{C850ABD1-206A-49D7-B07E-2260F348BFCA}.Debug|Any CPU.ActiveCfg = Debug|Any CPU
		{C850ABD1-206A-49D7-B07E-2260F348BFCA}.Debug|Any CPU.Build.0 = Debug|Any CPU
		{C850ABD1-206A-49D7-B07E-2260F348BFCA}.Release|Any CPU.ActiveCfg = Release|Any CPU
		{C850ABD1-206A-49D7-B07E-2260F348BFCA}.Release|Any CPU.Build.0 = Release|Any CPU
	EndGlobalSection
	GlobalSection(SolutionProperties) = preSolution
		HideSolutionNode = FALSE
	EndGlobalSection
	GlobalSection(ExtensibilityGlobals) = postSolution
		SolutionGuid = {A1AE1FA9-4419-4C96-9791-911BBB8DFA68}
	EndGlobalSection
EndGlobal
