
Microsoft Visual Studio Solution File, Format Version 12.00
# Visual Studio Version 17
VisualStudioVersion = 17.14.36408.4 d17.14
MinimumVisualStudioVersion = 10.0.40219.1
Project("{FAE04EC0-301F-11D3-BF4B-00C04F79EFBC}") = "Q1", "Q1\Q1.csproj", "{83C3DF6D-A5A2-43F9-B95F-DC841814C02A}"
EndProject
Global
	GlobalSection(SolutionConfigurationPlatforms) = preSolution
		Debug|Any CPU = Debug|Any CPU
		Release|Any CPU = Release|Any CPU
	EndGlobalSection
	GlobalSection(ProjectConfigurationPlatforms) = postSolution
		{83C3DF6D-A5A2-43F9-B95F-DC841814C02A}.Debug|Any CPU.ActiveCfg = Debug|Any CPU
		{83C3DF6D-A5A2-43F9-B95F-DC841814C02A}.Debug|Any CPU.Build.0 = Debug|Any CPU
		{83C3DF6D-A5A2-43F9-B95F-DC841814C02A}.Release|Any CPU.ActiveCfg = Release|Any CPU
		{83C3DF6D-A5A2-43F9-B95F-DC841814C02A}.Release|Any CPU.Build.0 = Release|Any CPU
	EndGlobalSection
	GlobalSection(SolutionProperties) = preSolution
		HideSolutionNode = FALSE
	EndGlobalSection
	GlobalSection(ExtensibilityGlobals) = postSolution
		SolutionGuid = {C74E66F9-5DE0-4F8A-931C-94C7A3D7C3DF}
	EndGlobalSection
EndGlobal
