
Microsoft Visual Studio Solution File, Format Version 12.00
# Visual Studio Version 17
VisualStudioVersion = 17.3.32901.215
MinimumVisualStudioVersion = 10.0.40219.1
Project("{FAE04EC0-301F-11D3-BF4B-00C04F79EFBC}") = "模擬賽_Q4", "模擬賽_Q4\模擬賽_Q4.csproj", "{9B30BA8F-0E64-4B2F-8CF9-386934F5C260}"
EndProject
Global
	GlobalSection(SolutionConfigurationPlatforms) = preSolution
		Debug|Any CPU = Debug|Any CPU
		Release|Any CPU = Release|Any CPU
	EndGlobalSection
	GlobalSection(ProjectConfigurationPlatforms) = postSolution
		{9B30BA8F-0E64-4B2F-8CF9-386934F5C260}.Debug|Any CPU.ActiveCfg = Debug|Any CPU
		{9B30BA8F-0E64-4B2F-8CF9-386934F5C260}.Debug|Any CPU.Build.0 = Debug|Any CPU
		{9B30BA8F-0E64-4B2F-8CF9-386934F5C260}.Release|Any CPU.ActiveCfg = Release|Any CPU
		{9B30BA8F-0E64-4B2F-8CF9-386934F5C260}.Release|Any CPU.Build.0 = Release|Any CPU
	EndGlobalSection
	GlobalSection(SolutionProperties) = preSolution
		HideSolutionNode = FALSE
	EndGlobalSection
	GlobalSection(ExtensibilityGlobals) = postSolution
		SolutionGuid = {9BC4C298-4C9B-4C3B-99B5-3CBD7DE1F24F}
	EndGlobalSection
EndGlobal
