
Microsoft Visual Studio Solution File, Format Version 12.00
# Visual Studio Version 17
VisualStudioVersion = 17.3.32901.215
MinimumVisualStudioVersion = 10.0.40219.1
Project("{FAE04EC0-301F-11D3-BF4B-00C04F79EFBC}") = "102_Q3", "102_Q3\102_Q3.csproj", "{B34348E7-B193-4765-BCF1-A4B6A1652432}"
EndProject
Global
	GlobalSection(SolutionConfigurationPlatforms) = preSolution
		Debug|Any CPU = Debug|Any CPU
		Release|Any CPU = Release|Any CPU
	EndGlobalSection
	GlobalSection(ProjectConfigurationPlatforms) = postSolution
		{B34348E7-B193-4765-BCF1-A4B6A1652432}.Debug|Any CPU.ActiveCfg = Debug|Any CPU
		{B34348E7-B193-4765-BCF1-A4B6A1652432}.Debug|Any CPU.Build.0 = Debug|Any CPU
		{B34348E7-B193-4765-BCF1-A4B6A1652432}.Release|Any CPU.ActiveCfg = Release|Any CPU
		{B34348E7-B193-4765-BCF1-A4B6A1652432}.Release|Any CPU.Build.0 = Release|Any CPU
	EndGlobalSection
	GlobalSection(SolutionProperties) = preSolution
		HideSolutionNode = FALSE
	EndGlobalSection
	GlobalSection(ExtensibilityGlobals) = postSolution
		SolutionGuid = {48C14273-FF6A-4922-B02F-1F449A8BE830}
	EndGlobalSection
EndGlobal
