
Microsoft Visual Studio Solution File, Format Version 12.00
# Visual Studio Version 17
VisualStudioVersion = 17.3.32901.215
MinimumVisualStudioVersion = 10.0.40219.1
Project("{FAE04EC0-301F-11D3-BF4B-00C04F79EFBC}") = "103_Q4", "103_Q4\103_Q4.csproj", "{B0A5018F-0CBC-4053-A930-02D75552768E}"
EndProject
Global
	GlobalSection(SolutionConfigurationPlatforms) = preSolution
		Debug|Any CPU = Debug|Any CPU
		Release|Any CPU = Release|Any CPU
	EndGlobalSection
	GlobalSection(ProjectConfigurationPlatforms) = postSolution
		{B0A5018F-0CBC-4053-A930-02D75552768E}.Debug|Any CPU.ActiveCfg = Debug|Any CPU
		{B0A5018F-0CBC-4053-A930-02D75552768E}.Debug|Any CPU.Build.0 = Debug|Any CPU
		{B0A5018F-0CBC-4053-A930-02D75552768E}.Release|Any CPU.ActiveCfg = Release|Any CPU
		{B0A5018F-0CBC-4053-A930-02D75552768E}.Release|Any CPU.Build.0 = Release|Any CPU
	EndGlobalSection
	GlobalSection(SolutionProperties) = preSolution
		HideSolutionNode = FALSE
	EndGlobalSection
	GlobalSection(ExtensibilityGlobals) = postSolution
		SolutionGuid = {78089DF3-30B9-4604-84DB-5DDC7C62F38D}
	EndGlobalSection
EndGlobal
