
Microsoft Visual Studio Solution File, Format Version 12.00
# Visual Studio Version 17
VisualStudioVersion = 17.0.31912.275
MinimumVisualStudioVersion = 10.0.40219.1
Project("{FAE04EC0-301F-11D3-BF4B-00C04F79EFBC}") = "104_Q3", "104_Q3\104_Q3.csproj", "{077A4CDA-65FA-4FEB-9BF3-53D5E052A949}"
EndProject
Global
	GlobalSection(SolutionConfigurationPlatforms) = preSolution
		Debug|Any CPU = Debug|Any CPU
		Release|Any CPU = Release|Any CPU
	EndGlobalSection
	GlobalSection(ProjectConfigurationPlatforms) = postSolution
		{077A4CDA-65FA-4FEB-9BF3-53D5E052A949}.Debug|Any CPU.ActiveCfg = Debug|Any CPU
		{077A4CDA-65FA-4FEB-9BF3-53D5E052A949}.Debug|Any CPU.Build.0 = Debug|Any CPU
		{077A4CDA-65FA-4FEB-9BF3-53D5E052A949}.Release|Any CPU.ActiveCfg = Release|Any CPU
		{077A4CDA-65FA-4FEB-9BF3-53D5E052A949}.Release|Any CPU.Build.0 = Release|Any CPU
	EndGlobalSection
	GlobalSection(SolutionProperties) = preSolution
		HideSolutionNode = FALSE
	EndGlobalSection
	GlobalSection(ExtensibilityGlobals) = postSolution
		SolutionGuid = {AFBF15E2-75B6-4B58-8F44-900A1A9BE4F5}
	EndGlobalSection
EndGlobal
