
Microsoft Visual Studio Solution File, Format Version 12.00
# Visual Studio Version 17
VisualStudioVersion = 17.14.36408.4 d17.14
MinimumVisualStudioVersion = 10.0.40219.1
Project("{FAE04EC0-301F-11D3-BF4B-00C04F79EFBC}") = "Q4", "Q4\Q4.csproj", "{684E3D6F-52F7-4070-8456-26FC48114D7F}"
EndProject
Global
	GlobalSection(SolutionConfigurationPlatforms) = preSolution
		Debug|Any CPU = Debug|Any CPU
		Release|Any CPU = Release|Any CPU
	EndGlobalSection
	GlobalSection(ProjectConfigurationPlatforms) = postSolution
		{684E3D6F-52F7-4070-8456-26FC48114D7F}.Debug|Any CPU.ActiveCfg = Debug|Any CPU
		{684E3D6F-52F7-4070-8456-26FC48114D7F}.Debug|Any CPU.Build.0 = Debug|Any CPU
		{684E3D6F-52F7-4070-8456-26FC48114D7F}.Release|Any CPU.ActiveCfg = Release|Any CPU
		{684E3D6F-52F7-4070-8456-26FC48114D7F}.Release|Any CPU.Build.0 = Release|Any CPU
	EndGlobalSection
	GlobalSection(SolutionProperties) = preSolution
		HideSolutionNode = FALSE
	EndGlobalSection
	GlobalSection(ExtensibilityGlobals) = postSolution
		SolutionGuid = {43D46627-D97B-4F3A-B32A-AA1F1F29C9BF}
	EndGlobalSection
EndGlobal
