
Microsoft Visual Studio Solution File, Format Version 12.00
# Visual Studio Version 17
VisualStudioVersion = 17.3.32901.215
MinimumVisualStudioVersion = 10.0.40219.1
Project("{FAE04EC0-301F-11D3-BF4B-00C04F79EFBC}") = "96_Q1", "96_Q1\96_Q1.csproj", "{EEA70128-EB69-4FD8-8CE7-0C666A7CBF7A}"
EndProject
Global
	GlobalSection(SolutionConfigurationPlatforms) = preSolution
		Debug|Any CPU = Debug|Any CPU
		Release|Any CPU = Release|Any CPU
	EndGlobalSection
	GlobalSection(ProjectConfigurationPlatforms) = postSolution
		{EEA70128-EB69-4FD8-8CE7-0C666A7CBF7A}.Debug|Any CPU.ActiveCfg = Debug|Any CPU
		{EEA70128-EB69-4FD8-8CE7-0C666A7CBF7A}.Debug|Any CPU.Build.0 = Debug|Any CPU
		{EEA70128-EB69-4FD8-8CE7-0C666A7CBF7A}.Release|Any CPU.ActiveCfg = Release|Any CPU
		{EEA70128-EB69-4FD8-8CE7-0C666A7CBF7A}.Release|Any CPU.Build.0 = Release|Any CPU
	EndGlobalSection
	GlobalSection(SolutionProperties) = preSolution
		HideSolutionNode = FALSE
	EndGlobalSection
	GlobalSection(ExtensibilityGlobals) = postSolution
		SolutionGuid = {C50435DA-8161-41A8-A2D1-E70C03C0DB4D}
	EndGlobalSection
EndGlobal
