
Microsoft Visual Studio Solution File, Format Version 12.00
# Visual Studio Version 17
VisualStudioVersion = 17.0.31912.275
MinimumVisualStudioVersion = 10.0.40219.1
Project("{FAE04EC0-301F-11D3-BF4B-00C04F79EFBC}") = "107_Q3", "107_Q3\107_Q3.csproj", "{193B82BF-EB77-4387-891A-C9F357A718EA}"
EndProject
Global
	GlobalSection(SolutionConfigurationPlatforms) = preSolution
		Debug|Any CPU = Debug|Any CPU
		Release|Any CPU = Release|Any CPU
	EndGlobalSection
	GlobalSection(ProjectConfigurationPlatforms) = postSolution
		{193B82BF-EB77-4387-891A-C9F357A718EA}.Debug|Any CPU.ActiveCfg = Debug|Any CPU
		{193B82BF-EB77-4387-891A-C9F357A718EA}.Debug|Any CPU.Build.0 = Debug|Any CPU
		{193B82BF-EB77-4387-891A-C9F357A718EA}.Release|Any CPU.ActiveCfg = Release|Any CPU
		{193B82BF-EB77-4387-891A-C9F357A718EA}.Release|Any CPU.Build.0 = Release|Any CPU
	EndGlobalSection
	GlobalSection(SolutionProperties) = preSolution
		HideSolutionNode = FALSE
	EndGlobalSection
	GlobalSection(ExtensibilityGlobals) = postSolution
		SolutionGuid = {E8B5E827-EB28-41FC-86CA-BB0BD02732DD}
	EndGlobalSection
EndGlobal
