
Microsoft Visual Studio Solution File, Format Version 12.00
# Visual Studio Version 17
VisualStudioVersion = 17.0.31912.275
MinimumVisualStudioVersion = 10.0.40219.1
Project("{FAE04EC0-301F-11D3-BF4B-00C04F79EFBC}") = "103_Q3", "103_Q3\103_Q3.csproj", "{8A2AF357-1598-4EBF-B9DE-6879D36EB575}"
EndProject
Global
	GlobalSection(SolutionConfigurationPlatforms) = preSolution
		Debug|Any CPU = Debug|Any CPU
		Release|Any CPU = Release|Any CPU
	EndGlobalSection
	GlobalSection(ProjectConfigurationPlatforms) = postSolution
		{8A2AF357-1598-4EBF-B9DE-6879D36EB575}.Debug|Any CPU.ActiveCfg = Debug|Any CPU
		{8A2AF357-1598-4EBF-B9DE-6879D36EB575}.Debug|Any CPU.Build.0 = Debug|Any CPU
		{8A2AF357-1598-4EBF-B9DE-6879D36EB575}.Release|Any CPU.ActiveCfg = Release|Any CPU
		{8A2AF357-1598-4EBF-B9DE-6879D36EB575}.Release|Any CPU.Build.0 = Release|Any CPU
	EndGlobalSection
	GlobalSection(SolutionProperties) = preSolution
		HideSolutionNode = FALSE
	EndGlobalSection
	GlobalSection(ExtensibilityGlobals) = postSolution
		SolutionGuid = {953C088C-75AC-4399-BAFE-FCF9FF177FDE}
	EndGlobalSection
EndGlobal
