
Microsoft Visual Studio Solution File, Format Version 12.00
# Visual Studio Version 17
VisualStudioVersion = 17.3.32901.215
MinimumVisualStudioVersion = 10.0.40219.1
Project("{FAE04EC0-301F-11D3-BF4B-00C04F79EFBC}") = "103_Q2", "103_Q2.csproj", "{3CEDC7BD-1ADD-472A-8E87-EE8D42D8141D}"
EndProject
Global
	GlobalSection(SolutionConfigurationPlatforms) = preSolution
		Debug|Any CPU = Debug|Any CPU
		Release|Any CPU = Release|Any CPU
	EndGlobalSection
	GlobalSection(ProjectConfigurationPlatforms) = postSolution
		{3CEDC7BD-1ADD-472A-8E87-EE8D42D8141D}.Debug|Any CPU.ActiveCfg = Debug|Any CPU
		{3CEDC7BD-1ADD-472A-8E87-EE8D42D8141D}.Debug|Any CPU.Build.0 = Debug|Any CPU
		{3CEDC7BD-1ADD-472A-8E87-EE8D42D8141D}.Release|Any CPU.ActiveCfg = Release|Any CPU
		{3CEDC7BD-1ADD-472A-8E87-EE8D42D8141D}.Release|Any CPU.Build.0 = Release|Any CPU
	EndGlobalSection
	GlobalSection(SolutionProperties) = preSolution
		HideSolutionNode = FALSE
	EndGlobalSection
	GlobalSection(ExtensibilityGlobals) = postSolution
		SolutionGuid = {312A10B5-31E2-4E22-B183-9AF9F15386A2}
	EndGlobalSection
EndGlobal
