
Microsoft Visual Studio Solution File, Format Version 12.00
# Visual Studio Version 17
VisualStudioVersion = 17.3.32901.215
MinimumVisualStudioVersion = 10.0.40219.1
Project("{FAE04EC0-301F-11D3-BF4B-00C04F79EFBC}") = "模擬賽_Q1", "模擬賽_Q1\模擬賽_Q1.csproj", "{7D766DCD-3B26-4132-A690-6435210A4647}"
EndProject
Global
	GlobalSection(SolutionConfigurationPlatforms) = preSolution
		Debug|Any CPU = Debug|Any CPU
		Release|Any CPU = Release|Any CPU
	EndGlobalSection
	GlobalSection(ProjectConfigurationPlatforms) = postSolution
		{7D766DCD-3B26-4132-A690-6435210A4647}.Debug|Any CPU.ActiveCfg = Debug|Any CPU
		{7D766DCD-3B26-4132-A690-6435210A4647}.Debug|Any CPU.Build.0 = Debug|Any CPU
		{7D766DCD-3B26-4132-A690-6435210A4647}.Release|Any CPU.ActiveCfg = Release|Any CPU
		{7D766DCD-3B26-4132-A690-6435210A4647}.Release|Any CPU.Build.0 = Release|Any CPU
	EndGlobalSection
	GlobalSection(SolutionProperties) = preSolution
		HideSolutionNode = FALSE
	EndGlobalSection
	GlobalSection(ExtensibilityGlobals) = postSolution
		SolutionGuid = {3454668A-742B-422F-9E33-F80AACBC803E}
	EndGlobalSection
EndGlobal
