
Microsoft Visual Studio Solution File, Format Version 12.00
# Visual Studio 15
VisualStudioVersion = 15.0.28307.1267
MinimumVisualStudioVersion = 10.0.40219.1
Project("{FAE04EC0-301F-11D3-BF4B-00C04F79EFBC}") = "Q5", "Q5\Q5.csproj", "{3C76DEEF-4DEE-4B75-A229-1A27DFF8BB27}"
EndProject
Global
	GlobalSection(SolutionConfigurationPlatforms) = preSolution
		Debug|Any CPU = Debug|Any CPU
		Release|Any CPU = Release|Any CPU
	EndGlobalSection
	GlobalSection(ProjectConfigurationPlatforms) = postSolution
		{3C76DEEF-4DEE-4B75-A229-1A27DFF8BB27}.Debug|Any CPU.ActiveCfg = Debug|Any CPU
		{3C76DEEF-4DEE-4B75-A229-1A27DFF8BB27}.Debug|Any CPU.Build.0 = Debug|Any CPU
		{3C76DEEF-4DEE-4B75-A229-1A27DFF8BB27}.Release|Any CPU.ActiveCfg = Release|Any CPU
		{3C76DEEF-4DEE-4B75-A229-1A27DFF8BB27}.Release|Any CPU.Build.0 = Release|Any CPU
	EndGlobalSection
	GlobalSection(SolutionProperties) = preSolution
		HideSolutionNode = FALSE
	EndGlobalSection
	GlobalSection(ExtensibilityGlobals) = postSolution
		SolutionGuid = {5AEC6F94-9372-4C77-83B2-939206BD4E61}
	EndGlobalSection
EndGlobal
