
Microsoft Visual Studio Solution File, Format Version 12.00
# Visual Studio Version 17
VisualStudioVersion = 17.14.36301.6 d17.14
MinimumVisualStudioVersion = 10.0.40219.1
Project("{FAE04EC0-301F-11D3-BF4B-00C04F79EFBC}") = "Q4", "Q4\Q4.csproj", "{9331EC98-CE4D-4C39-ABF1-EDCE763B19CF}"
EndProject
Global
	GlobalSection(SolutionConfigurationPlatforms) = preSolution
		Debug|Any CPU = Debug|Any CPU
		Release|Any CPU = Release|Any CPU
	EndGlobalSection
	GlobalSection(ProjectConfigurationPlatforms) = postSolution
		{9331EC98-CE4D-4C39-ABF1-EDCE763B19CF}.Debug|Any CPU.ActiveCfg = Debug|Any CPU
		{9331EC98-CE4D-4C39-ABF1-EDCE763B19CF}.Debug|Any CPU.Build.0 = Debug|Any CPU
		{9331EC98-CE4D-4C39-ABF1-EDCE763B19CF}.Release|Any CPU.ActiveCfg = Release|Any CPU
		{9331EC98-CE4D-4C39-ABF1-EDCE763B19CF}.Release|Any CPU.Build.0 = Release|Any CPU
	EndGlobalSection
	GlobalSection(SolutionProperties) = preSolution
		HideSolutionNode = FALSE
	EndGlobalSection
	GlobalSection(ExtensibilityGlobals) = postSolution
		SolutionGuid = {0DE9F10B-838F-4DC3-95D3-E869D2A9D7F0}
	EndGlobalSection
EndGlobal
