
Microsoft Visual Studio Solution File, Format Version 12.00
# Visual Studio Version 17
VisualStudioVersion = 17.0.31912.275
MinimumVisualStudioVersion = 10.0.40219.1
Project("{FAE04EC0-301F-11D3-BF4B-00C04F79EFBC}") = "102_Q4", "102_Q4\102_Q4.csproj", "{1DADA9CB-8BAB-4628-B07A-72BF8BA7A2B8}"
EndProject
Global
	GlobalSection(SolutionConfigurationPlatforms) = preSolution
		Debug|Any CPU = Debug|Any CPU
		Release|Any CPU = Release|Any CPU
	EndGlobalSection
	GlobalSection(ProjectConfigurationPlatforms) = postSolution
		{1DADA9CB-8BAB-4628-B07A-72BF8BA7A2B8}.Debug|Any CPU.ActiveCfg = Debug|Any CPU
		{1DADA9CB-8BAB-4628-B07A-72BF8BA7A2B8}.Debug|Any CPU.Build.0 = Debug|Any CPU
		{1DADA9CB-8BAB-4628-B07A-72BF8BA7A2B8}.Release|Any CPU.ActiveCfg = Release|Any CPU
		{1DADA9CB-8BAB-4628-B07A-72BF8BA7A2B8}.Release|Any CPU.Build.0 = Release|Any CPU
	EndGlobalSection
	GlobalSection(SolutionProperties) = preSolution
		HideSolutionNode = FALSE
	EndGlobalSection
	GlobalSection(ExtensibilityGlobals) = postSolution
		SolutionGuid = {1E7E585F-A442-4B81-84E8-7233EB688F01}
	EndGlobalSection
EndGlobal
