
Microsoft Visual Studio Solution File, Format Version 12.00
# Visual Studio Version 17
VisualStudioVersion = 17.14.36310.24 d17.14
MinimumVisualStudioVersion = 10.0.40219.1
Project("{FAE04EC0-301F-11D3-BF4B-00C04F79EFBC}") = "狄劭宇_Q2", "狄劭宇_Q2\狄劭宇_Q2.csproj", "{0AE94B12-BDA5-4FD9-B283-C3D8937EDF14}"
EndProject
Global
	GlobalSection(SolutionConfigurationPlatforms) = preSolution
		Debug|Any CPU = Debug|Any CPU
		Release|Any CPU = Release|Any CPU
	EndGlobalSection
	GlobalSection(ProjectConfigurationPlatforms) = postSolution
		{0AE94B12-BDA5-4FD9-B283-C3D8937EDF14}.Debug|Any CPU.ActiveCfg = Debug|Any CPU
		{0AE94B12-BDA5-4FD9-B283-C3D8937EDF14}.Debug|Any CPU.Build.0 = Debug|Any CPU
		{0AE94B12-BDA5-4FD9-B283-C3D8937EDF14}.Release|Any CPU.ActiveCfg = Release|Any CPU
		{0AE94B12-BDA5-4FD9-B283-C3D8937EDF14}.Release|Any CPU.Build.0 = Release|Any CPU
	EndGlobalSection
	GlobalSection(SolutionProperties) = preSolution
		HideSolutionNode = FALSE
	EndGlobalSection
	GlobalSection(ExtensibilityGlobals) = postSolution
		SolutionGuid = {2644D902-1168-479B-A7EF-F7D1E78656BB}
	EndGlobalSection
EndGlobal
