
Microsoft Visual Studio Solution File, Format Version 12.00
# Visual Studio Version 17
VisualStudioVersion = 17.14.36301.6 d17.14
MinimumVisualStudioVersion = 10.0.40219.1
Project("{FAE04EC0-301F-11D3-BF4B-00C04F79EFBC}") = "Q1", "Q1\Q1.csproj", "{D7BC048F-A838-436E-9F47-096700746B24}"
EndProject
Global
	GlobalSection(SolutionConfigurationPlatforms) = preSolution
		Debug|Any CPU = Debug|Any CPU
		Release|Any CPU = Release|Any CPU
	EndGlobalSection
	GlobalSection(ProjectConfigurationPlatforms) = postSolution
		{D7BC048F-A838-436E-9F47-096700746B24}.Debug|Any CPU.ActiveCfg = Debug|Any CPU
		{D7BC048F-A838-436E-9F47-096700746B24}.Debug|Any CPU.Build.0 = Debug|Any CPU
		{D7BC048F-A838-436E-9F47-096700746B24}.Release|Any CPU.ActiveCfg = Release|Any CPU
		{D7BC048F-A838-436E-9F47-096700746B24}.Release|Any CPU.Build.0 = Release|Any CPU
	EndGlobalSection
	GlobalSection(SolutionProperties) = preSolution
		HideSolutionNode = FALSE
	EndGlobalSection
	GlobalSection(ExtensibilityGlobals) = postSolution
		SolutionGuid = {75852EFA-58CC-4E7F-BB10-0C465A749AD9}
	EndGlobalSection
EndGlobal
