
Microsoft Visual Studio Solution File, Format Version 12.00
# Visual Studio Version 17
VisualStudioVersion = 17.3.32901.215
MinimumVisualStudioVersion = 10.0.40219.1
Project("{FAE04EC0-301F-11D3-BF4B-00C04F79EFBC}") = "101_Q2", "101_Q2.csproj", "{F7F6F016-9981-4A08-88BA-27858E9FE8D1}"
EndProject
Global
	GlobalSection(SolutionConfigurationPlatforms) = preSolution
		Debug|Any CPU = Debug|Any CPU
		Release|Any CPU = Release|Any CPU
	EndGlobalSection
	GlobalSection(ProjectConfigurationPlatforms) = postSolution
		{F7F6F016-9981-4A08-88BA-27858E9FE8D1}.Debug|Any CPU.ActiveCfg = Debug|Any CPU
		{F7F6F016-9981-4A08-88BA-27858E9FE8D1}.Debug|Any CPU.Build.0 = Debug|Any CPU
		{F7F6F016-9981-4A08-88BA-27858E9FE8D1}.Release|Any CPU.ActiveCfg = Release|Any CPU
		{F7F6F016-9981-4A08-88BA-27858E9FE8D1}.Release|Any CPU.Build.0 = Release|Any CPU
	EndGlobalSection
	GlobalSection(SolutionProperties) = preSolution
		HideSolutionNode = FALSE
	EndGlobalSection
	GlobalSection(ExtensibilityGlobals) = postSolution
		SolutionGuid = {8CD79B5A-009C-4C6F-82A7-71E58F31FAAD}
	EndGlobalSection
EndGlobal
