
Microsoft Visual Studio Solution File, Format Version 12.00
# Visual Studio Version 17
VisualStudioVersion = 17.3.32901.215
MinimumVisualStudioVersion = 10.0.40219.1
Project("{FAE04EC0-301F-11D3-BF4B-00C04F79EFBC}") = "94_Q5", "94_Q5\94_Q5.csproj", "{90A73EAE-653D-4278-9C41-BA9E716A1B56}"
EndProject
Global
	GlobalSection(SolutionConfigurationPlatforms) = preSolution
		Debug|Any CPU = Debug|Any CPU
		Release|Any CPU = Release|Any CPU
	EndGlobalSection
	GlobalSection(ProjectConfigurationPlatforms) = postSolution
		{90A73EAE-653D-4278-9C41-BA9E716A1B56}.Debug|Any CPU.ActiveCfg = Debug|Any CPU
		{90A73EAE-653D-4278-9C41-BA9E716A1B56}.Debug|Any CPU.Build.0 = Debug|Any CPU
		{90A73EAE-653D-4278-9C41-BA9E716A1B56}.Release|Any CPU.ActiveCfg = Release|Any CPU
		{90A73EAE-653D-4278-9C41-BA9E716A1B56}.Release|Any CPU.Build.0 = Release|Any CPU
	EndGlobalSection
	GlobalSection(SolutionProperties) = preSolution
		HideSolutionNode = FALSE
	EndGlobalSection
	GlobalSection(ExtensibilityGlobals) = postSolution
		SolutionGuid = {B934BD0F-1FFF-42EF-BDDC-4DDEFD3AE938}
	EndGlobalSection
EndGlobal
