
Microsoft Visual Studio Solution File, Format Version 12.00
# Visual Studio Version 17
VisualStudioVersion = 17.3.32901.215
MinimumVisualStudioVersion = 10.0.40219.1
Project("{FAE04EC0-301F-11D3-BF4B-00C04F79EFBC}") = "103_Q6", "103_Q6\103_Q6.csproj", "{2F82C3AC-87B1-4344-80E0-568C746F5682}"
EndProject
Global
	GlobalSection(SolutionConfigurationPlatforms) = preSolution
		Debug|Any CPU = Debug|Any CPU
		Release|Any CPU = Release|Any CPU
	EndGlobalSection
	GlobalSection(ProjectConfigurationPlatforms) = postSolution
		{2F82C3AC-87B1-4344-80E0-568C746F5682}.Debug|Any CPU.ActiveCfg = Debug|Any CPU
		{2F82C3AC-87B1-4344-80E0-568C746F5682}.Debug|Any CPU.Build.0 = Debug|Any CPU
		{2F82C3AC-87B1-4344-80E0-568C746F5682}.Release|Any CPU.ActiveCfg = Release|Any CPU
		{2F82C3AC-87B1-4344-80E0-568C746F5682}.Release|Any CPU.Build.0 = Release|Any CPU
	EndGlobalSection
	GlobalSection(SolutionProperties) = preSolution
		HideSolutionNode = FALSE
	EndGlobalSection
	GlobalSection(ExtensibilityGlobals) = postSolution
		SolutionGuid = {5774D721-49F1-4D42-AAB4-644E59AD3982}
	EndGlobalSection
EndGlobal
