
Microsoft Visual Studio Solution File, Format Version 12.00
# Visual Studio Version 17
VisualStudioVersion = 17.14.36310.24 d17.14
MinimumVisualStudioVersion = 10.0.40219.1
Project("{FAE04EC0-301F-11D3-BF4B-00C04F79EFBC}") = "Q1", "Q1\Q1.csproj", "{54A4CAFA-7C35-4A22-A871-1B5053FDFA14}"
EndProject
Global
	GlobalSection(SolutionConfigurationPlatforms) = preSolution
		Debug|Any CPU = Debug|Any CPU
		Release|Any CPU = Release|Any CPU
	EndGlobalSection
	GlobalSection(ProjectConfigurationPlatforms) = postSolution
		{54A4CAFA-7C35-4A22-A871-1B5053FDFA14}.Debug|Any CPU.ActiveCfg = Debug|Any CPU
		{54A4CAFA-7C35-4A22-A871-1B5053FDFA14}.Debug|Any CPU.Build.0 = Debug|Any CPU
		{54A4CAFA-7C35-4A22-A871-1B5053FDFA14}.Release|Any CPU.ActiveCfg = Release|Any CPU
		{54A4CAFA-7C35-4A22-A871-1B5053FDFA14}.Release|Any CPU.Build.0 = Release|Any CPU
	EndGlobalSection
	GlobalSection(SolutionProperties) = preSolution
		HideSolutionNode = FALSE
	EndGlobalSection
	GlobalSection(ExtensibilityGlobals) = postSolution
		SolutionGuid = {0A5FE2A4-DC28-44D9-B015-D7AC3F2AE0C7}
	EndGlobalSection
EndGlobal
