
Microsoft Visual Studio Solution File, Format Version 12.00
# Visual Studio Version 17
VisualStudioVersion = 17.3.32901.215
MinimumVisualStudioVersion = 10.0.40219.1
Project("{FAE04EC0-301F-11D3-BF4B-00C04F79EFBC}") = "92_Q3", "92_Q3.csproj", "{3CFD0432-6A77-4F68-90EA-C3BD3D86A2C9}"
EndProject
Global
	GlobalSection(SolutionConfigurationPlatforms) = preSolution
		Debug|Any CPU = Debug|Any CPU
		Release|Any CPU = Release|Any CPU
	EndGlobalSection
	GlobalSection(ProjectConfigurationPlatforms) = postSolution
		{3CFD0432-6A77-4F68-90EA-C3BD3D86A2C9}.Debug|Any CPU.ActiveCfg = Debug|Any CPU
		{3CFD0432-6A77-4F68-90EA-C3BD3D86A2C9}.Debug|Any CPU.Build.0 = Debug|Any CPU
		{3CFD0432-6A77-4F68-90EA-C3BD3D86A2C9}.Release|Any CPU.ActiveCfg = Release|Any CPU
		{3CFD0432-6A77-4F68-90EA-C3BD3D86A2C9}.Release|Any CPU.Build.0 = Release|Any CPU
	EndGlobalSection
	GlobalSection(SolutionProperties) = preSolution
		HideSolutionNode = FALSE
	EndGlobalSection
	GlobalSection(ExtensibilityGlobals) = postSolution
		SolutionGuid = {D26FEC09-148D-4F47-84C6-C1BCB8108C48}
	EndGlobalSection
EndGlobal
