
Microsoft Visual Studio Solution File, Format Version 12.00
# Visual Studio Version 17
VisualStudioVersion = 17.0.31912.275
MinimumVisualStudioVersion = 10.0.40219.1
Project("{FAE04EC0-301F-11D3-BF4B-00C04F79EFBC}") = "104_Q2", "104_Q2\104_Q2.csproj", "{4198E3E2-9ECA-4320-A1EC-51A617D8964A}"
EndProject
Global
	GlobalSection(SolutionConfigurationPlatforms) = preSolution
		Debug|Any CPU = Debug|Any CPU
		Release|Any CPU = Release|Any CPU
	EndGlobalSection
	GlobalSection(ProjectConfigurationPlatforms) = postSolution
		{4198E3E2-9ECA-4320-A1EC-51A617D8964A}.Debug|Any CPU.ActiveCfg = Debug|Any CPU
		{4198E3E2-9ECA-4320-A1EC-51A617D8964A}.Debug|Any CPU.Build.0 = Debug|Any CPU
		{4198E3E2-9ECA-4320-A1EC-51A617D8964A}.Release|Any CPU.ActiveCfg = Release|Any CPU
		{4198E3E2-9ECA-4320-A1EC-51A617D8964A}.Release|Any CPU.Build.0 = Release|Any CPU
	EndGlobalSection
	GlobalSection(SolutionProperties) = preSolution
		HideSolutionNode = FALSE
	EndGlobalSection
	GlobalSection(ExtensibilityGlobals) = postSolution
		SolutionGuid = {90058E26-E3BB-4243-8F7B-884F20FBA7CF}
	EndGlobalSection
EndGlobal
