
Microsoft Visual Studio Solution File, Format Version 12.00
# Visual Studio Version 17
VisualStudioVersion = 17.14.36623.8 d17.14
MinimumVisualStudioVersion = 10.0.40219.1
Project("{FAE04EC0-301F-11D3-BF4B-00C04F79EFBC}") = "Q5", "Q5\Q5.csproj", "{FE368E62-B196-4C20-8A88-F78F677A1F8A}"
EndProject
Global
	GlobalSection(SolutionConfigurationPlatforms) = preSolution
		Debug|Any CPU = Debug|Any CPU
		Release|Any CPU = Release|Any CPU
	EndGlobalSection
	GlobalSection(ProjectConfigurationPlatforms) = postSolution
		{FE368E62-B196-4C20-8A88-F78F677A1F8A}.Debug|Any CPU.ActiveCfg = Debug|Any CPU
		{FE368E62-B196-4C20-8A88-F78F677A1F8A}.Debug|Any CPU.Build.0 = Debug|Any CPU
		{FE368E62-B196-4C20-8A88-F78F677A1F8A}.Release|Any CPU.ActiveCfg = Release|Any CPU
		{FE368E62-B196-4C20-8A88-F78F677A1F8A}.Release|Any CPU.Build.0 = Release|Any CPU
	EndGlobalSection
	GlobalSection(SolutionProperties) = preSolution
		HideSolutionNode = FALSE
	EndGlobalSection
	GlobalSection(ExtensibilityGlobals) = postSolution
		SolutionGuid = {F7603817-DE95-42AB-80B2-A3969161BD51}
	EndGlobalSection
EndGlobal
