
Microsoft Visual Studio Solution File, Format Version 12.00
# Visual Studio Version 17
VisualStudioVersion = 17.14.36301.6 d17.14
MinimumVisualStudioVersion = 10.0.40219.1
Project("{FAE04EC0-301F-11D3-BF4B-00C04F79EFBC}") = "Q5", "Q5\Q5.csproj", "{919A6269-213B-4195-A9A8-DEFD65107B65}"
EndProject
Global
	GlobalSection(SolutionConfigurationPlatforms) = preSolution
		Debug|Any CPU = Debug|Any CPU
		Release|Any CPU = Release|Any CPU
	EndGlobalSection
	GlobalSection(ProjectConfigurationPlatforms) = postSolution
		{919A6269-213B-4195-A9A8-DEFD65107B65}.Debug|Any CPU.ActiveCfg = Debug|Any CPU
		{919A6269-213B-4195-A9A8-DEFD65107B65}.Debug|Any CPU.Build.0 = Debug|Any CPU
		{919A6269-213B-4195-A9A8-DEFD65107B65}.Release|Any CPU.ActiveCfg = Release|Any CPU
		{919A6269-213B-4195-A9A8-DEFD65107B65}.Release|Any CPU.Build.0 = Release|Any CPU
	EndGlobalSection
	GlobalSection(SolutionProperties) = preSolution
		HideSolutionNode = FALSE
	EndGlobalSection
	GlobalSection(ExtensibilityGlobals) = postSolution
		SolutionGuid = {1516566A-D451-4A6B-9241-262DF9FD8F3B}
	EndGlobalSection
EndGlobal
