
Microsoft Visual Studio Solution File, Format Version 12.00
# Visual Studio Version 17
VisualStudioVersion = 17.14.36310.24 d17.14
MinimumVisualStudioVersion = 10.0.40219.1
Project("{FAE04EC0-301F-11D3-BF4B-00C04F79EFBC}") = "Q5", "Q5\Q5.csproj", "{DA50624A-7604-451E-B2D3-06C8BC27E230}"
EndProject
Global
	GlobalSection(SolutionConfigurationPlatforms) = preSolution
		Debug|Any CPU = Debug|Any CPU
		Release|Any CPU = Release|Any CPU
	EndGlobalSection
	GlobalSection(ProjectConfigurationPlatforms) = postSolution
		{DA50624A-7604-451E-B2D3-06C8BC27E230}.Debug|Any CPU.ActiveCfg = Debug|Any CPU
		{DA50624A-7604-451E-B2D3-06C8BC27E230}.Debug|Any CPU.Build.0 = Debug|Any CPU
		{DA50624A-7604-451E-B2D3-06C8BC27E230}.Release|Any CPU.ActiveCfg = Release|Any CPU
		{DA50624A-7604-451E-B2D3-06C8BC27E230}.Release|Any CPU.Build.0 = Release|Any CPU
	EndGlobalSection
	GlobalSection(SolutionProperties) = preSolution
		HideSolutionNode = FALSE
	EndGlobalSection
	GlobalSection(ExtensibilityGlobals) = postSolution
		SolutionGuid = {817C8E0E-D517-4E71-83CC-21AE621C6682}
	EndGlobalSection
EndGlobal
