
Microsoft Visual Studio Solution File, Format Version 12.00
# Visual Studio Version 17
VisualStudioVersion = 17.14.36310.24 d17.14
MinimumVisualStudioVersion = 10.0.40219.1
Project("{FAE04EC0-301F-11D3-BF4B-00C04F79EFBC}") = "Q4", "Q4\Q4.csproj", "{7A4A32BE-6208-4A5E-AD34-5BA15BA6894D}"
EndProject
Global
	GlobalSection(SolutionConfigurationPlatforms) = preSolution
		Debug|Any CPU = Debug|Any CPU
		Release|Any CPU = Release|Any CPU
	EndGlobalSection
	GlobalSection(ProjectConfigurationPlatforms) = postSolution
		{7A4A32BE-6208-4A5E-AD34-5BA15BA6894D}.Debug|Any CPU.ActiveCfg = Debug|Any CPU
		{7A4A32BE-6208-4A5E-AD34-5BA15BA6894D}.Debug|Any CPU.Build.0 = Debug|Any CPU
		{7A4A32BE-6208-4A5E-AD34-5BA15BA6894D}.Release|Any CPU.ActiveCfg = Release|Any CPU
		{7A4A32BE-6208-4A5E-AD34-5BA15BA6894D}.Release|Any CPU.Build.0 = Release|Any CPU
	EndGlobalSection
	GlobalSection(SolutionProperties) = preSolution
		HideSolutionNode = FALSE
	EndGlobalSection
	GlobalSection(ExtensibilityGlobals) = postSolution
		SolutionGuid = {ADCE8178-9743-4073-8B1D-D1DD4220CB35}
	EndGlobalSection
EndGlobal
